
Microsoft Visual Studio Solution File, Format Version 12.00
# Visual Studio Version 17
VisualStudioVersion = 17.13.35931.197
MinimumVisualStudioVersion = 10.0.40219.1
Project("{2150E333-8FDC-42A3-9474-1A3956D46DE8}") = "src", "src", "{02EA681E-C7D8-13C7-8484-4AC65E1B71E8}"
EndProject
Project("{FAE04EC0-301F-11D3-BF4B-00C04F79EFBC}") = "DClare.Sdk", "src\DClare.Sdk\DClare.Sdk.csproj", "{9C4E16CF-76C3-6829-3F14-2DDFF5324573}"
EndProject
Project("{2150E333-8FDC-42A3-9474-1A3956D46DE8}") = "tests", "tests", "{B191F0A2-1FE9-4179-94CB-73AED0B3E505}"
EndProject
Project("{FAE04EC0-301F-11D3-BF4B-00C04F79EFBC}") = "DClare.Sdk.UnitTests", "tests\DClare.Sdk.UnitTests\DClare.Sdk.UnitTests.csproj", "{249E3FCF-F031-42CA-9CA7-B73CA9C90973}"
EndProject
Project("{2150E333-8FDC-42A3-9474-1A3956D46DE8}") = "docs", "docs", "{1B7466EA-7E7F-4F6E-9D2D-14972963F137}"
	ProjectSection(SolutionItems) = preProject
		CODEOWNERS = CODEOWNERS
		CODE_OF_CONDUCT.md = CODE_OF_CONDUCT.md
		CONTRIBUTING.md = CONTRIBUTING.md
		LICENSE = LICENSE
		MAINTAINERS.md = MAINTAINERS.md
		README.md = README.md
		SECURITY.md = SECURITY.md
	EndProjectSection
EndProject
Project("{2150E333-8FDC-42A3-9474-1A3956D46DE8}") = ".github", ".github", "{37FCCD87-FD2A-4720-B08E-00C542D121C3}"
	ProjectSection(SolutionItems) = preProject
		.github\PULL_REQUEST_TEMPLATE.md = .github\PULL_REQUEST_TEMPLATE.md
	EndProjectSection
EndProject
Project("{2150E333-8FDC-42A3-9474-1A3956D46DE8}") = "ISSUE_TEMPLATE", "ISSUE_TEMPLATE", "{9CDF51ED-CA95-4D7B-A04C-90972BB4C69A}"
	ProjectSection(SolutionItems) = preProject
		.github\ISSUE_TEMPLATE\bug.yml = .github\ISSUE_TEMPLATE\bug.yml
		.github\ISSUE_TEMPLATE\config.yml = .github\ISSUE_TEMPLATE\config.yml
		.github\ISSUE_TEMPLATE\feature.yml = .github\ISSUE_TEMPLATE\feature.yml
	EndProjectSection
EndProject
Project("{2150E333-8FDC-42A3-9474-1A3956D46DE8}") = "workflows", "workflows", "{6AA8D2DF-439F-48FD-B4DF-43D6755AD45D}"
	ProjectSection(SolutionItems) = preProject
		.github\workflows\publish.yml = .github\workflows\publish.yml
		.github\workflows\test.yml = .github\workflows\test.yml
	EndProjectSection
EndProject
Global
	GlobalSection(SolutionConfigurationPlatforms) = preSolution
		Debug|Any CPU = Debug|Any CPU
		Release|Any CPU = Release|Any CPU
	EndGlobalSection
	GlobalSection(ProjectConfigurationPlatforms) = postSolution
		{9C4E16CF-76C3-6829-3F14-2DDFF5324573}.Debug|Any CPU.ActiveCfg = Debug|Any CPU
		{9C4E16CF-76C3-6829-3F14-2DDFF5324573}.Debug|Any CPU.Build.0 = Debug|Any CPU
		{9C4E16CF-76C3-6829-3F14-2DDFF5324573}.Release|Any CPU.ActiveCfg = Release|Any CPU
		{9C4E16CF-76C3-6829-3F14-2DDFF5324573}.Release|Any CPU.Build.0 = Release|Any CPU
		{249E3FCF-F031-42CA-9CA7-B73CA9C90973}.Debug|Any CPU.ActiveCfg = Debug|Any CPU
		{249E3FCF-F031-42CA-9CA7-B73CA9C90973}.Debug|Any CPU.Build.0 = Debug|Any CPU
		{249E3FCF-F031-42CA-9CA7-B73CA9C90973}.Release|Any CPU.ActiveCfg = Release|Any CPU
		{249E3FCF-F031-42CA-9CA7-B73CA9C90973}.Release|Any CPU.Build.0 = Release|Any CPU
	EndGlobalSection
	GlobalSection(SolutionProperties) = preSolution
		HideSolutionNode = FALSE
	EndGlobalSection
	GlobalSection(NestedProjects) = preSolution
		{9C4E16CF-76C3-6829-3F14-2DDFF5324573} = {02EA681E-C7D8-13C7-8484-4AC65E1B71E8}
		{249E3FCF-F031-42CA-9CA7-B73CA9C90973} = {B191F0A2-1FE9-4179-94CB-73AED0B3E505}
		{9CDF51ED-CA95-4D7B-A04C-90972BB4C69A} = {37FCCD87-FD2A-4720-B08E-00C542D121C3}
		{6AA8D2DF-439F-48FD-B4DF-43D6755AD45D} = {37FCCD87-FD2A-4720-B08E-00C542D121C3}
	EndGlobalSection
	GlobalSection(ExtensibilityGlobals) = postSolution
		SolutionGuid = {F36CBC80-0FEF-4159-801E-3097717B43AD}
	EndGlobalSection
EndGlobal
